
Microsoft Visual Studio Solution File, Format Version 12.00
# Visual Studio Version 17
VisualStudioVersion = 17.1.32414.318
MinimumVisualStudioVersion = 10.0.40219.1
Project("{FAE04EC0-301F-11D3-BF4B-00C04F79EFBC}") = "Ivashins Coffee", "MyCoffeeProject\Ivashins Coffee.csproj", "{81220064-FFBD-45E2-8E43-5BC572187686}"
EndProject
Global
	GlobalSection(SolutionConfigurationPlatforms) = preSolution
		Debug|Any CPU = Debug|Any CPU
		Release|Any CPU = Release|Any CPU
	EndGlobalSection
	GlobalSection(ProjectConfigurationPlatforms) = postSolution
		{81220064-FFBD-45E2-8E43-5BC572187686}.Debug|Any CPU.ActiveCfg = Debug|Any CPU
		{81220064-FFBD-45E2-8E43-5BC572187686}.Debug|Any CPU.Build.0 = Debug|Any CPU
		{81220064-FFBD-45E2-8E43-5BC572187686}.Release|Any CPU.ActiveCfg = Release|Any CPU
		{81220064-FFBD-45E2-8E43-5BC572187686}.Release|Any CPU.Build.0 = Release|Any CPU
	EndGlobalSection
	GlobalSection(SolutionProperties) = preSolution
		HideSolutionNode = FALSE
	EndGlobalSection
	GlobalSection(ExtensibilityGlobals) = postSolution
		SolutionGuid = {6918FC15-0D05-477D-8178-EF336BBCF95B}
	EndGlobalSection
EndGlobal
